// !$*UTF8*$!
{
	archiveVersion = 1;
	classes = {
	};
	objectVersion = 56;
	objects = {

/* Begin PBXBuildFile section */
		5C89CDB12A1211860054A1D1 /* RequestParameter.swift in Sources */ = {isa = PBXBuildFile; fileRef = 5C89CDB02A1211860054A1D1 /* RequestParameter.swift */; };
		5C89CDB42A1B51AE0054A1D1 /* NetworkServiceTests.swift in Sources */ = {isa = PBXBuildFile; fileRef = 5C89CDB32A1B51AE0054A1D1 /* NetworkServiceTests.swift */; };
		69AC68242A0BC9D200297BE7 /* PlayerRecordApp.swift in Sources */ = {isa = PBXBuildFile; fileRef = 69AC68232A0BC9D200297BE7 /* PlayerRecordApp.swift */; };
		69AC68262A0BC9D200297BE7 /* ContentView.swift in Sources */ = {isa = PBXBuildFile; fileRef = 69AC68252A0BC9D200297BE7 /* ContentView.swift */; };
		69AC68282A0BC9D300297BE7 /* Assets.xcassets in Resources */ = {isa = PBXBuildFile; fileRef = 69AC68272A0BC9D300297BE7 /* Assets.xcassets */; };
		69AC682B2A0BC9D300297BE7 /* Preview Assets.xcassets in Resources */ = {isa = PBXBuildFile; fileRef = 69AC682A2A0BC9D300297BE7 /* Preview Assets.xcassets */; };
		69AC68352A0BC9D300297BE7 /* PlayerRecordTests.swift in Sources */ = {isa = PBXBuildFile; fileRef = 69AC68342A0BC9D300297BE7 /* PlayerRecordTests.swift */; };
		69AC683F2A0BC9D300297BE7 /* PlayerRecordUITests.swift in Sources */ = {isa = PBXBuildFile; fileRef = 69AC683E2A0BC9D300297BE7 /* PlayerRecordUITests.swift */; };
		69AC68412A0BC9D300297BE7 /* PlayerRecordUITestsLaunchTests.swift in Sources */ = {isa = PBXBuildFile; fileRef = 69AC68402A0BC9D300297BE7 /* PlayerRecordUITestsLaunchTests.swift */; };
		69AC68502A0BCB3000297BE7 /* HomeView.swift in Sources */ = {isa = PBXBuildFile; fileRef = 69AC684F2A0BCB3000297BE7 /* HomeView.swift */; };
		69AC68532A0BCC6E00297BE7 /* HomeTabView.swift in Sources */ = {isa = PBXBuildFile; fileRef = 69AC68522A0BCC6E00297BE7 /* HomeTabView.swift */; };
		69AC68552A0BCCDD00297BE7 /* ProfileView.swift in Sources */ = {isa = PBXBuildFile; fileRef = 69AC68542A0BCCDD00297BE7 /* ProfileView.swift */; };
		69AC68592A0D171300297BE7 /* HTTPMethod.swift in Sources */ = {isa = PBXBuildFile; fileRef = 69AC68582A0D171300297BE7 /* HTTPMethod.swift */; };
		69AC685B2A0D176D00297BE7 /* NetworkError.swift in Sources */ = {isa = PBXBuildFile; fileRef = 69AC685A2A0D176D00297BE7 /* NetworkError.swift */; };
		69AC685D2A0D1C2A00297BE7 /* Codable.swift in Sources */ = {isa = PBXBuildFile; fileRef = 69AC685C2A0D1C2A00297BE7 /* Codable.swift */; };
		69AC685F2A0D1F0A00297BE7 /* API.swift in Sources */ = {isa = PBXBuildFile; fileRef = 69AC685E2A0D1F0A00297BE7 /* API.swift */; };
/* End PBXBuildFile section */

/* Begin PBXContainerItemProxy section */
		69AC68312A0BC9D300297BE7 /* PBXContainerItemProxy */ = {
			isa = PBXContainerItemProxy;
			containerPortal = 69AC68182A0BC9D200297BE7 /* Project object */;
			proxyType = 1;
			remoteGlobalIDString = 69AC681F2A0BC9D200297BE7;
			remoteInfo = PlayerRecord;
		};
		69AC683B2A0BC9D300297BE7 /* PBXContainerItemProxy */ = {
			isa = PBXContainerItemProxy;
			containerPortal = 69AC68182A0BC9D200297BE7 /* Project object */;
			proxyType = 1;
			remoteGlobalIDString = 69AC681F2A0BC9D200297BE7;
			remoteInfo = PlayerRecord;
		};
/* End PBXContainerItemProxy section */

/* Begin PBXFileReference section */
		5C89CDB02A1211860054A1D1 /* RequestParameter.swift */ = {isa = PBXFileReference; lastKnownFileType = sourcecode.swift; path = RequestParameter.swift; sourceTree = "<group>"; };
		5C89CDB32A1B51AE0054A1D1 /* NetworkServiceTests.swift */ = {isa = PBXFileReference; lastKnownFileType = sourcecode.swift; path = NetworkServiceTests.swift; sourceTree = "<group>"; };
		69AC68202A0BC9D200297BE7 /* PlayerRecord.app */ = {isa = PBXFileReference; explicitFileType = wrapper.application; includeInIndex = 0; path = PlayerRecord.app; sourceTree = BUILT_PRODUCTS_DIR; };
		69AC68232A0BC9D200297BE7 /* PlayerRecordApp.swift */ = {isa = PBXFileReference; lastKnownFileType = sourcecode.swift; path = PlayerRecordApp.swift; sourceTree = "<group>"; };
		69AC68252A0BC9D200297BE7 /* ContentView.swift */ = {isa = PBXFileReference; lastKnownFileType = sourcecode.swift; path = ContentView.swift; sourceTree = "<group>"; };
		69AC68272A0BC9D300297BE7 /* Assets.xcassets */ = {isa = PBXFileReference; lastKnownFileType = folder.assetcatalog; path = Assets.xcassets; sourceTree = "<group>"; };
		69AC682A2A0BC9D300297BE7 /* Preview Assets.xcassets */ = {isa = PBXFileReference; lastKnownFileType = folder.assetcatalog; path = "Preview Assets.xcassets"; sourceTree = "<group>"; };
		69AC68302A0BC9D300297BE7 /* PlayerRecordTests.xctest */ = {isa = PBXFileReference; explicitFileType = wrapper.cfbundle; includeInIndex = 0; path = PlayerRecordTests.xctest; sourceTree = BUILT_PRODUCTS_DIR; };
		69AC68342A0BC9D300297BE7 /* PlayerRecordTests.swift */ = {isa = PBXFileReference; lastKnownFileType = sourcecode.swift; path = PlayerRecordTests.swift; sourceTree = "<group>"; };
		69AC683A2A0BC9D300297BE7 /* PlayerRecordUITests.xctest */ = {isa = PBXFileReference; explicitFileType = wrapper.cfbundle; includeInIndex = 0; path = PlayerRecordUITests.xctest; sourceTree = BUILT_PRODUCTS_DIR; };
		69AC683E2A0BC9D300297BE7 /* PlayerRecordUITests.swift */ = {isa = PBXFileReference; lastKnownFileType = sourcecode.swift; path = PlayerRecordUITests.swift; sourceTree = "<group>"; };
		69AC68402A0BC9D300297BE7 /* PlayerRecordUITestsLaunchTests.swift */ = {isa = PBXFileReference; lastKnownFileType = sourcecode.swift; path = PlayerRecordUITestsLaunchTests.swift; sourceTree = "<group>"; };
		69AC684F2A0BCB3000297BE7 /* HomeView.swift */ = {isa = PBXFileReference; lastKnownFileType = sourcecode.swift; path = HomeView.swift; sourceTree = "<group>"; };
		69AC68522A0BCC6E00297BE7 /* HomeTabView.swift */ = {isa = PBXFileReference; lastKnownFileType = sourcecode.swift; path = HomeTabView.swift; sourceTree = "<group>"; };
		69AC68542A0BCCDD00297BE7 /* ProfileView.swift */ = {isa = PBXFileReference; lastKnownFileType = sourcecode.swift; path = ProfileView.swift; sourceTree = "<group>"; };
		69AC68582A0D171300297BE7 /* HTTPMethod.swift */ = {isa = PBXFileReference; lastKnownFileType = sourcecode.swift; path = HTTPMethod.swift; sourceTree = "<group>"; };
		69AC685A2A0D176D00297BE7 /* NetworkError.swift */ = {isa = PBXFileReference; lastKnownFileType = sourcecode.swift; path = NetworkError.swift; sourceTree = "<group>"; };
		69AC685C2A0D1C2A00297BE7 /* Codable.swift */ = {isa = PBXFileReference; lastKnownFileType = sourcecode.swift; path = Codable.swift; sourceTree = "<group>"; };
		69AC685E2A0D1F0A00297BE7 /* API.swift */ = {isa = PBXFileReference; lastKnownFileType = sourcecode.swift; path = API.swift; sourceTree = "<group>"; };
/* End PBXFileReference section */

/* Begin PBXFrameworksBuildPhase section */
		69AC681D2A0BC9D200297BE7 /* Frameworks */ = {
			isa = PBXFrameworksBuildPhase;
			buildActionMask = 2147483647;
			files = (
			);
			runOnlyForDeploymentPostprocessing = 0;
		};
		69AC682D2A0BC9D300297BE7 /* Frameworks */ = {
			isa = PBXFrameworksBuildPhase;
			buildActionMask = 2147483647;
			files = (
			);
			runOnlyForDeploymentPostprocessing = 0;
		};
		69AC68372A0BC9D300297BE7 /* Frameworks */ = {
			isa = PBXFrameworksBuildPhase;
			buildActionMask = 2147483647;
			files = (
			);
			runOnlyForDeploymentPostprocessing = 0;
		};
/* End PBXFrameworksBuildPhase section */

/* Begin PBXGroup section */
		5C89CDB22A1B51870054A1D1 /* Network */ = {
			isa = PBXGroup;
			children = (
				5C89CDB32A1B51AE0054A1D1 /* NetworkServiceTests.swift */,
			);
			path = Network;
			sourceTree = "<group>";
		};
		69AC68172A0BC9D200297BE7 = {
			isa = PBXGroup;
			children = (
				69AC68222A0BC9D200297BE7 /* PlayerRecord */,
				69AC68332A0BC9D300297BE7 /* PlayerRecordTests */,
				69AC683D2A0BC9D300297BE7 /* PlayerRecordUITests */,
				69AC68212A0BC9D200297BE7 /* Products */,
			);
			sourceTree = "<group>";
		};
		69AC68212A0BC9D200297BE7 /* Products */ = {
			isa = PBXGroup;
			children = (
				69AC68202A0BC9D200297BE7 /* PlayerRecord.app */,
				69AC68302A0BC9D300297BE7 /* PlayerRecordTests.xctest */,
				69AC683A2A0BC9D300297BE7 /* PlayerRecordUITests.xctest */,
			);
			name = Products;
			sourceTree = "<group>";
		};
		69AC68222A0BC9D200297BE7 /* PlayerRecord */ = {
			isa = PBXGroup;
			children = (
				69AC68232A0BC9D200297BE7 /* PlayerRecordApp.swift */,
				69AC684D2A0BCAB900297BE7 /* Views */,
				69AC684E2A0BCAC900297BE7 /* Models */,
				69AC68572A0BCD9000297BE7 /* Common */,
				69AC68562A0BCD6500297BE7 /* Network */,
				69AC68272A0BC9D300297BE7 /* Assets.xcassets */,
				69AC68292A0BC9D300297BE7 /* Preview Content */,
			);
			path = PlayerRecord;
			sourceTree = "<group>";
		};
		69AC68292A0BC9D300297BE7 /* Preview Content */ = {
			isa = PBXGroup;
			children = (
				69AC682A2A0BC9D300297BE7 /* Preview Assets.xcassets */,
			);
			path = "Preview Content";
			sourceTree = "<group>";
		};
		69AC68332A0BC9D300297BE7 /* PlayerRecordTests */ = {
			isa = PBXGroup;
			children = (
				69AC68342A0BC9D300297BE7 /* PlayerRecordTests.swift */,
				5C89CDB22A1B51870054A1D1 /* Network */,
			);
			path = PlayerRecordTests;
			sourceTree = "<group>";
		};
		69AC683D2A0BC9D300297BE7 /* PlayerRecordUITests */ = {
			isa = PBXGroup;
			children = (
				69AC683E2A0BC9D300297BE7 /* PlayerRecordUITests.swift */,
				69AC68402A0BC9D300297BE7 /* PlayerRecordUITestsLaunchTests.swift */,
			);
			path = PlayerRecordUITests;
			sourceTree = "<group>";
		};
		69AC684D2A0BCAB900297BE7 /* Views */ = {
			isa = PBXGroup;
			children = (
				69AC68252A0BC9D200297BE7 /* ContentView.swift */,
				69AC68512A0BCC4B00297BE7 /* Home */,
			);
			path = Views;
			sourceTree = "<group>";
		};
		69AC684E2A0BCAC900297BE7 /* Models */ = {
			isa = PBXGroup;
			children = (
			);
			path = Models;
			sourceTree = "<group>";
		};
		69AC68512A0BCC4B00297BE7 /* Home */ = {
			isa = PBXGroup;
			children = (
				69AC68522A0BCC6E00297BE7 /* HomeTabView.swift */,
				69AC684F2A0BCB3000297BE7 /* HomeView.swift */,
				69AC68542A0BCCDD00297BE7 /* ProfileView.swift */,
			);
			path = Home;
			sourceTree = "<group>";
		};
		69AC68562A0BCD6500297BE7 /* Network */ = {
			isa = PBXGroup;
			children = (
				69AC685E2A0D1F0A00297BE7 /* API.swift */,
				69AC68582A0D171300297BE7 /* HTTPMethod.swift */,
				69AC685A2A0D176D00297BE7 /* NetworkError.swift */,
				69AC685C2A0D1C2A00297BE7 /* Codable.swift */,
				5C89CDB02A1211860054A1D1 /* RequestParameter.swift */,
			);
			path = Network;
			sourceTree = "<group>";
		};
		69AC68572A0BCD9000297BE7 /* Common */ = {
			isa = PBXGroup;
			children = (
			);
			path = Common;
			sourceTree = "<group>";
		};
/* End PBXGroup section */

/* Begin PBXNativeTarget section */
		69AC681F2A0BC9D200297BE7 /* PlayerRecord */ = {
			isa = PBXNativeTarget;
			buildConfigurationList = 69AC68442A0BC9D300297BE7 /* Build configuration list for PBXNativeTarget "PlayerRecord" */;
			buildPhases = (
				69AC681C2A0BC9D200297BE7 /* Sources */,
				69AC681D2A0BC9D200297BE7 /* Frameworks */,
				69AC681E2A0BC9D200297BE7 /* Resources */,
			);
			buildRules = (
			);
			dependencies = (
			);
			name = PlayerRecord;
			productName = PlayerRecord;
			productReference = 69AC68202A0BC9D200297BE7 /* PlayerRecord.app */;
			productType = "com.apple.product-type.application";
		};
		69AC682F2A0BC9D300297BE7 /* PlayerRecordTests */ = {
			isa = PBXNativeTarget;
			buildConfigurationList = 69AC68472A0BC9D300297BE7 /* Build configuration list for PBXNativeTarget "PlayerRecordTests" */;
			buildPhases = (
				69AC682C2A0BC9D300297BE7 /* Sources */,
				69AC682D2A0BC9D300297BE7 /* Frameworks */,
				69AC682E2A0BC9D300297BE7 /* Resources */,
			);
			buildRules = (
			);
			dependencies = (
				69AC68322A0BC9D300297BE7 /* PBXTargetDependency */,
			);
			name = PlayerRecordTests;
			productName = PlayerRecordTests;
			productReference = 69AC68302A0BC9D300297BE7 /* PlayerRecordTests.xctest */;
			productType = "com.apple.product-type.bundle.unit-test";
		};
		69AC68392A0BC9D300297BE7 /* PlayerRecordUITests */ = {
			isa = PBXNativeTarget;
			buildConfigurationList = 69AC684A2A0BC9D300297BE7 /* Build configuration list for PBXNativeTarget "PlayerRecordUITests" */;
			buildPhases = (
				69AC68362A0BC9D300297BE7 /* Sources */,
				69AC68372A0BC9D300297BE7 /* Frameworks */,
				69AC68382A0BC9D300297BE7 /* Resources */,
			);
			buildRules = (
			);
			dependencies = (
				69AC683C2A0BC9D300297BE7 /* PBXTargetDependency */,
			);
			name = PlayerRecordUITests;
			productName = PlayerRecordUITests;
			productReference = 69AC683A2A0BC9D300297BE7 /* PlayerRecordUITests.xctest */;
			productType = "com.apple.product-type.bundle.ui-testing";
		};
/* End PBXNativeTarget section */

/* Begin PBXProject section */
		69AC68182A0BC9D200297BE7 /* Project object */ = {
			isa = PBXProject;
			attributes = {
				BuildIndependentTargetsInParallel = 1;
				LastSwiftUpdateCheck = 1430;
				LastUpgradeCheck = 1430;
				TargetAttributes = {
					69AC681F2A0BC9D200297BE7 = {
						CreatedOnToolsVersion = 14.3;
					};
					69AC682F2A0BC9D300297BE7 = {
						CreatedOnToolsVersion = 14.3;
						TestTargetID = 69AC681F2A0BC9D200297BE7;
					};
					69AC68392A0BC9D300297BE7 = {
						CreatedOnToolsVersion = 14.3;
						TestTargetID = 69AC681F2A0BC9D200297BE7;
					};
				};
			};
			buildConfigurationList = 69AC681B2A0BC9D200297BE7 /* Build configuration list for PBXProject "PlayerRecord" */;
			compatibilityVersion = "Xcode 14.0";
			developmentRegion = en;
			hasScannedForEncodings = 0;
			knownRegions = (
				en,
				Base,
			);
			mainGroup = 69AC68172A0BC9D200297BE7;
			productRefGroup = 69AC68212A0BC9D200297BE7 /* Products */;
			projectDirPath = "";
			projectRoot = "";
			targets = (
				69AC681F2A0BC9D200297BE7 /* PlayerRecord */,
				69AC682F2A0BC9D300297BE7 /* PlayerRecordTests */,
				69AC68392A0BC9D300297BE7 /* PlayerRecordUITests */,
			);
		};
/* End PBXProject section */

/* Begin PBXResourcesBuildPhase section */
		69AC681E2A0BC9D200297BE7 /* Resources */ = {
			isa = PBXResourcesBuildPhase;
			buildActionMask = 2147483647;
			files = (
				69AC682B2A0BC9D300297BE7 /* Preview Assets.xcassets in Resources */,
				69AC68282A0BC9D300297BE7 /* Assets.xcassets in Resources */,
			);
			runOnlyForDeploymentPostprocessing = 0;
		};
		69AC682E2A0BC9D300297BE7 /* Resources */ = {
			isa = PBXResourcesBuildPhase;
			buildActionMask = 2147483647;
			files = (
			);
			runOnlyForDeploymentPostprocessing = 0;
		};
		69AC68382A0BC9D300297BE7 /* Resources */ = {
			isa = PBXResourcesBuildPhase;
			buildActionMask = 2147483647;
			files = (
			);
			runOnlyForDeploymentPostprocessing = 0;
		};
/* End PBXResourcesBuildPhase section */

/* Begin PBXSourcesBuildPhase section */
		69AC681C2A0BC9D200297BE7 /* Sources */ = {
			isa = PBXSourcesBuildPhase;
			buildActionMask = 2147483647;
			files = (
				69AC68502A0BCB3000297BE7 /* HomeView.swift in Sources */,
				5C89CDB12A1211860054A1D1 /* RequestParameter.swift in Sources */,
				69AC685B2A0D176D00297BE7 /* NetworkError.swift in Sources */,
				69AC685D2A0D1C2A00297BE7 /* Codable.swift in Sources */,
				69AC68262A0BC9D200297BE7 /* ContentView.swift in Sources */,
				69AC68592A0D171300297BE7 /* HTTPMethod.swift in Sources */,
				69AC68552A0BCCDD00297BE7 /* ProfileView.swift in Sources */,
				69AC68242A0BC9D200297BE7 /* PlayerRecordApp.swift in Sources */,
				69AC685F2A0D1F0A00297BE7 /* API.swift in Sources */,
				69AC68532A0BCC6E00297BE7 /* HomeTabView.swift in Sources */,
			);
			runOnlyForDeploymentPostprocessing = 0;
		};
		69AC682C2A0BC9D300297BE7 /* Sources */ = {
			isa = PBXSourcesBuildPhase;
			buildActionMask = 2147483647;
			files = (
				5C89CDB42A1B51AE0054A1D1 /* NetworkServiceTests.swift in Sources */,
				69AC68352A0BC9D300297BE7 /* PlayerRecordTests.swift in Sources */,
			);
			runOnlyForDeploymentPostprocessing = 0;
		};
		69AC68362A0BC9D300297BE7 /* Sources */ = {
			isa = PBXSourcesBuildPhase;
			buildActionMask = 2147483647;
			files = (
				69AC68412A0BC9D300297BE7 /* PlayerRecordUITestsLaunchTests.swift in Sources */,
				69AC683F2A0BC9D300297BE7 /* PlayerRecordUITests.swift in Sources */,
			);
			runOnlyForDeploymentPostprocessing = 0;
		};
/* End PBXSourcesBuildPhase section */

/* Begin PBXTargetDependency section */
		69AC68322A0BC9D300297BE7 /* PBXTargetDependency */ = {
			isa = PBXTargetDependency;
			target = 69AC681F2A0BC9D200297BE7 /* PlayerRecord */;
			targetProxy = 69AC68312A0BC9D300297BE7 /* PBXContainerItemProxy */;
		};
		69AC683C2A0BC9D300297BE7 /* PBXTargetDependency */ = {
			isa = PBXTargetDependency;
			target = 69AC681F2A0BC9D200297BE7 /* PlayerRecord */;
			targetProxy = 69AC683B2A0BC9D300297BE7 /* PBXContainerItemProxy */;
		};
/* End PBXTargetDependency section */

/* Begin XCBuildConfiguration section */
		69AC68422A0BC9D300297BE7 /* Debug */ = {
			isa = XCBuildConfiguration;
			buildSettings = {
				ALWAYS_SEARCH_USER_PATHS = NO;
				CLANG_ANALYZER_NONNULL = YES;
				CLANG_ANALYZER_NUMBER_OBJECT_CONVERSION = YES_AGGRESSIVE;
				CLANG_CXX_LANGUAGE_STANDARD = "gnu++20";
				CLANG_ENABLE_MODULES = YES;
				CLANG_ENABLE_OBJC_ARC = YES;
				CLANG_ENABLE_OBJC_WEAK = YES;
				CLANG_WARN_BLOCK_CAPTURE_AUTORELEASING = YES;
				CLANG_WARN_BOOL_CONVERSION = YES;
				CLANG_WARN_COMMA = YES;
				CLANG_WARN_CONSTANT_CONVERSION = YES;
				CLANG_WARN_DEPRECATED_OBJC_IMPLEMENTATIONS = YES;
				CLANG_WARN_DIRECT_OBJC_ISA_USAGE = YES_ERROR;
				CLANG_WARN_DOCUMENTATION_COMMENTS = YES;
				CLANG_WARN_EMPTY_BODY = YES;
				CLANG_WARN_ENUM_CONVERSION = YES;
				CLANG_WARN_INFINITE_RECURSION = YES;
				CLANG_WARN_INT_CONVERSION = YES;
				CLANG_WARN_NON_LITERAL_NULL_CONVERSION = YES;
				CLANG_WARN_OBJC_IMPLICIT_RETAIN_SELF = YES;
				CLANG_WARN_OBJC_LITERAL_CONVERSION = YES;
				CLANG_WARN_OBJC_ROOT_CLASS = YES_ERROR;
				CLANG_WARN_QUOTED_INCLUDE_IN_FRAMEWORK_HEADER = YES;
				CLANG_WARN_RANGE_LOOP_ANALYSIS = YES;
				CLANG_WARN_STRICT_PROTOTYPES = YES;
				CLANG_WARN_SUSPICIOUS_MOVE = YES;
				CLANG_WARN_UNGUARDED_AVAILABILITY = YES_AGGRESSIVE;
				CLANG_WARN_UNREACHABLE_CODE = YES;
				CLANG_WARN__DUPLICATE_METHOD_MATCH = YES;
				COPY_PHASE_STRIP = NO;
				DEBUG_INFORMATION_FORMAT = dwarf;
				ENABLE_STRICT_OBJC_MSGSEND = YES;
				ENABLE_TESTABILITY = YES;
				GCC_C_LANGUAGE_STANDARD = gnu11;
				GCC_DYNAMIC_NO_PIC = NO;
				GCC_NO_COMMON_BLOCKS = YES;
				GCC_OPTIMIZATION_LEVEL = 0;
				GCC_PREPROCESSOR_DEFINITIONS = (
					"DEBUG=1",
					"$(inherited)",
				);
				GCC_WARN_64_TO_32_BIT_CONVERSION = YES;
				GCC_WARN_ABOUT_RETURN_TYPE = YES_ERROR;
				GCC_WARN_UNDECLARED_SELECTOR = YES;
				GCC_WARN_UNINITIALIZED_AUTOS = YES_AGGRESSIVE;
				GCC_WARN_UNUSED_FUNCTION = YES;
				GCC_WARN_UNUSED_VARIABLE = YES;
				IPHONEOS_DEPLOYMENT_TARGET = 16.4;
				MTL_ENABLE_DEBUG_INFO = INCLUDE_SOURCE;
				MTL_FAST_MATH = YES;
				ONLY_ACTIVE_ARCH = YES;
				SDKROOT = iphoneos;
				SWIFT_ACTIVE_COMPILATION_CONDITIONS = DEBUG;
				SWIFT_OPTIMIZATION_LEVEL = "-Onone";
			};
			name = Debug;
		};
		69AC68432A0BC9D300297BE7 /* Release */ = {
			isa = XCBuildConfiguration;
			buildSettings = {
				ALWAYS_SEARCH_USER_PATHS = NO;
				CLANG_ANALYZER_NONNULL = YES;
				CLANG_ANALYZER_NUMBER_OBJECT_CONVERSION = YES_AGGRESSIVE;
				CLANG_CXX_LANGUAGE_STANDARD = "gnu++20";
				CLANG_ENABLE_MODULES = YES;
				CLANG_ENABLE_OBJC_ARC = YES;
				CLANG_ENABLE_OBJC_WEAK = YES;
				CLANG_WARN_BLOCK_CAPTURE_AUTORELEASING = YES;
				CLANG_WARN_BOOL_CONVERSION = YES;
				CLANG_WARN_COMMA = YES;
				CLANG_WARN_CONSTANT_CONVERSION = YES;
				CLANG_WARN_DEPRECATED_OBJC_IMPLEMENTATIONS = YES;
				CLANG_WARN_DIRECT_OBJC_ISA_USAGE = YES_ERROR;
				CLANG_WARN_DOCUMENTATION_COMMENTS = YES;
				CLANG_WARN_EMPTY_BODY = YES;
				CLANG_WARN_ENUM_CONVERSION = YES;
				CLANG_WARN_INFINITE_RECURSION = YES;
				CLANG_WARN_INT_CONVERSION = YES;
				CLANG_WARN_NON_LITERAL_NULL_CONVERSION = YES;
				CLANG_WARN_OBJC_IMPLICIT_RETAIN_SELF = YES;
				CLANG_WARN_OBJC_LITERAL_CONVERSION = YES;
				CLANG_WARN_OBJC_ROOT_CLASS = YES_ERROR;
				CLANG_WARN_QUOTED_INCLUDE_IN_FRAMEWORK_HEADER = YES;
				CLANG_WARN_RANGE_LOOP_ANALYSIS = YES;
				CLANG_WARN_STRICT_PROTOTYPES = YES;
				CLANG_WARN_SUSPICIOUS_MOVE = YES;
				CLANG_WARN_UNGUARDED_AVAILABILITY = YES_AGGRESSIVE;
				CLANG_WARN_UNREACHABLE_CODE = YES;
				CLANG_WARN__DUPLICATE_METHOD_MATCH = YES;
				COPY_PHASE_STRIP = NO;
				DEBUG_INFORMATION_FORMAT = "dwarf-with-dsym";
				ENABLE_NS_ASSERTIONS = NO;
				ENABLE_STRICT_OBJC_MSGSEND = YES;
				GCC_C_LANGUAGE_STANDARD = gnu11;
				GCC_NO_COMMON_BLOCKS = YES;
				GCC_WARN_64_TO_32_BIT_CONVERSION = YES;
				GCC_WARN_ABOUT_RETURN_TYPE = YES_ERROR;
				GCC_WARN_UNDECLARED_SELECTOR = YES;
				GCC_WARN_UNINITIALIZED_AUTOS = YES_AGGRESSIVE;
				GCC_WARN_UNUSED_FUNCTION = YES;
				GCC_WARN_UNUSED_VARIABLE = YES;
				IPHONEOS_DEPLOYMENT_TARGET = 16.4;
				MTL_ENABLE_DEBUG_INFO = NO;
				MTL_FAST_MATH = YES;
				SDKROOT = iphoneos;
				SWIFT_COMPILATION_MODE = wholemodule;
				SWIFT_OPTIMIZATION_LEVEL = "-O";
				VALIDATE_PRODUCT = YES;
			};
			name = Release;
		};
		69AC68452A0BC9D300297BE7 /* Debug */ = {
			isa = XCBuildConfiguration;
			buildSettings = {
				ASSETCATALOG_COMPILER_APPICON_NAME = AppIcon;
				ASSETCATALOG_COMPILER_GLOBAL_ACCENT_COLOR_NAME = AccentColor;
				CODE_SIGN_STYLE = Automatic;
				CURRENT_PROJECT_VERSION = 1;
				DEVELOPMENT_ASSET_PATHS = "\"PlayerRecord/Preview Content\"";
				ENABLE_PREVIEWS = YES;
				GENERATE_INFOPLIST_FILE = YES;
				INFOPLIST_KEY_UIApplicationSceneManifest_Generation = YES;
				INFOPLIST_KEY_UIApplicationSupportsIndirectInputEvents = YES;
				INFOPLIST_KEY_UILaunchScreen_Generation = YES;
				INFOPLIST_KEY_UISupportedInterfaceOrientations_iPad = "UIInterfaceOrientationPortrait UIInterfaceOrientationPortraitUpsideDown UIInterfaceOrientationLandscapeLeft UIInterfaceOrientationLandscapeRight";
				INFOPLIST_KEY_UISupportedInterfaceOrientations_iPhone = "UIInterfaceOrientationPortrait UIInterfaceOrientationLandscapeLeft UIInterfaceOrientationLandscapeRight";
				LD_RUNPATH_SEARCH_PATHS = (
					"$(inherited)",
					"@executable_path/Frameworks",
				);
				MARKETING_VERSION = 1.0;
				PRODUCT_BUNDLE_IDENTIFIER = com.khai.PlayerRecord;
				PRODUCT_NAME = "$(TARGET_NAME)";
				SWIFT_EMIT_LOC_STRINGS = YES;
				SWIFT_VERSION = 5.0;
				TARGETED_DEVICE_FAMILY = "1,2";
			};
			name = Debug;
		};
		69AC68462A0BC9D300297BE7 /* Release */ = {
			isa = XCBuildConfiguration;
			buildSettings = {
				ASSETCATALOG_COMPILER_APPICON_NAME = AppIcon;
				ASSETCATALOG_COMPILER_GLOBAL_ACCENT_COLOR_NAME = AccentColor;
				CODE_SIGN_STYLE = Automatic;
				CURRENT_PROJECT_VERSION = 1;
				DEVELOPMENT_ASSET_PATHS = "\"PlayerRecord/Preview Content\"";
				ENABLE_PREVIEWS = YES;
				GENERATE_INFOPLIST_FILE = YES;
				INFOPLIST_KEY_UIApplicationSceneManifest_Generation = YES;
				INFOPLIST_KEY_UIApplicationSupportsIndirectInputEvents = YES;
				INFOPLIST_KEY_UILaunchScreen_Generation = YES;
				INFOPLIST_KEY_UISupportedInterfaceOrientations_iPad = "UIInterfaceOrientationPortrait UIInterfaceOrientationPortraitUpsideDown UIInterfaceOrientationLandscapeLeft UIInterfaceOrientationLandscapeRight";
				INFOPLIST_KEY_UISupportedInterfaceOrientations_iPhone = "UIInterfaceOrientationPortrait UIInterfaceOrientationLandscapeLeft UIInterfaceOrientationLandscapeRight";
				LD_RUNPATH_SEARCH_PATHS = (
					"$(inherited)",
					"@executable_path/Frameworks",
				);
				MARKETING_VERSION = 1.0;
				PRODUCT_BUNDLE_IDENTIFIER = com.khai.PlayerRecord;
				PRODUCT_NAME = "$(TARGET_NAME)";
				SWIFT_EMIT_LOC_STRINGS = YES;
				SWIFT_VERSION = 5.0;
				TARGETED_DEVICE_FAMILY = "1,2";
			};
			name = Release;
		};
		69AC68482A0BC9D300297BE7 /* Debug */ = {
			isa = XCBuildConfiguration;
			buildSettings = {
				ALWAYS_EMBED_SWIFT_STANDARD_LIBRARIES = YES;
				BUNDLE_LOADER = "$(TEST_HOST)";
				CODE_SIGN_STYLE = Automatic;
				CURRENT_PROJECT_VERSION = 1;
				GENERATE_INFOPLIST_FILE = YES;
				IPHONEOS_DEPLOYMENT_TARGET = 16.4;
				MARKETING_VERSION = 1.0;
				PRODUCT_BUNDLE_IDENTIFIER = com.khai.PlayerRecordTests;
				PRODUCT_NAME = "$(TARGET_NAME)";
				SWIFT_EMIT_LOC_STRINGS = NO;
				SWIFT_VERSION = 5.0;
				TARGETED_DEVICE_FAMILY = "1,2";
				TEST_HOST = "$(BUILT_PRODUCTS_DIR)/PlayerRecord.app/$(BUNDLE_EXECUTABLE_FOLDER_PATH)/PlayerRecord";
			};
			name = Debug;
		};
		69AC68492A0BC9D300297BE7 /* Release */ = {
			isa = XCBuildConfiguration;
			buildSettings = {
				ALWAYS_EMBED_SWIFT_STANDARD_LIBRARIES = YES;
				BUNDLE_LOADER = "$(TEST_HOST)";
				CODE_SIGN_STYLE = Automatic;
				CURRENT_PROJECT_VERSION = 1;
				GENERATE_INFOPLIST_FILE = YES;
				IPHONEOS_DEPLOYMENT_TARGET = 16.4;
				MARKETING_VERSION = 1.0;
				PRODUCT_BUNDLE_IDENTIFIER = com.khai.PlayerRecordTests;
				PRODUCT_NAME = "$(TARGET_NAME)";
				SWIFT_EMIT_LOC_STRINGS = NO;
				SWIFT_VERSION = 5.0;
				TARGETED_DEVICE_FAMILY = "1,2";
				TEST_HOST = "$(BUILT_PRODUCTS_DIR)/PlayerRecord.app/$(BUNDLE_EXECUTABLE_FOLDER_PATH)/PlayerRecord";
			};
			name = Release;
		};
		69AC684B2A0BC9D300297BE7 /* Debug */ = {
			isa = XCBuildConfiguration;
			buildSettings = {
				ALWAYS_EMBED_SWIFT_STANDARD_LIBRARIES = YES;
				CODE_SIGN_STYLE = Automatic;
				CURRENT_PROJECT_VERSION = 1;
				GENERATE_INFOPLIST_FILE = YES;
				MARKETING_VERSION = 1.0;
				PRODUCT_BUNDLE_IDENTIFIER = com.khai.PlayerRecordUITests;
				PRODUCT_NAME = "$(TARGET_NAME)";
				SWIFT_EMIT_LOC_STRINGS = NO;
				SWIFT_VERSION = 5.0;
				TARGETED_DEVICE_FAMILY = "1,2";
				TEST_TARGET_NAME = PlayerRecord;
			};
			name = Debug;
		};
		69AC684C2A0BC9D300297BE7 /* Release */ = {
			isa = XCBuildConfiguration;
			buildSettings = {
				ALWAYS_EMBED_SWIFT_STANDARD_LIBRARIES = YES;
				CODE_SIGN_STYLE = Automatic;
				CURRENT_PROJECT_VERSION = 1;
				GENERATE_INFOPLIST_FILE = YES;
				MARKETING_VERSION = 1.0;
				PRODUCT_BUNDLE_IDENTIFIER = com.khai.PlayerRecordUITests;
				PRODUCT_NAME = "$(TARGET_NAME)";
				SWIFT_EMIT_LOC_STRINGS = NO;
				SWIFT_VERSION = 5.0;
				TARGETED_DEVICE_FAMILY = "1,2";
				TEST_TARGET_NAME = PlayerRecord;
			};
			name = Release;
		};
/* End XCBuildConfiguration section */

/* Begin XCConfigurationList section */
		69AC681B2A0BC9D200297BE7 /* Build configuration list for PBXProject "PlayerRecord" */ = {
			isa = XCConfigurationList;
			buildConfigurations = (
				69AC68422A0BC9D300297BE7 /* Debug */,
				69AC68432A0BC9D300297BE7 /* Release */,
			);
			defaultConfigurationIsVisible = 0;
			defaultConfigurationName = Release;
		};
		69AC68442A0BC9D300297BE7 /* Build configuration list for PBXNativeTarget "PlayerRecord" */ = {
			isa = XCConfigurationList;
			buildConfigurations = (
				69AC68452A0BC9D300297BE7 /* Debug */,
				69AC68462A0BC9D300297BE7 /* Release */,
			);
			defaultConfigurationIsVisible = 0;
			defaultConfigurationName = Release;
		};
		69AC68472A0BC9D300297BE7 /* Build configuration list for PBXNativeTarget "PlayerRecordTests" */ = {
			isa = XCConfigurationList;
			buildConfigurations = (
				69AC68482A0BC9D300297BE7 /* Debug */,
				69AC68492A0BC9D300297BE7 /* Release */,
			);
			defaultConfigurationIsVisible = 0;
			defaultConfigurationName = Release;
		};
		69AC684A2A0BC9D300297BE7 /* Build configuration list for PBXNativeTarget "PlayerRecordUITests" */ = {
			isa = XCConfigurationList;
			buildConfigurations = (
				69AC684B2A0BC9D300297BE7 /* Debug */,
				69AC684C2A0BC9D300297BE7 /* Release */,
			);
			defaultConfigurationIsVisible = 0;
			defaultConfigurationName = Release;
		};
/* End XCConfigurationList section */
	};
	rootObject = 69AC68182A0BC9D200297BE7 /* Project object */;
}
